
Microsoft Visual Studio Solution File, Format Version 12.00
# Visual Studio Version 16
VisualStudioVersion = 16.0.31702.278
MinimumVisualStudioVersion = 10.0.40219.1
Project("{9A19103F-16F7-4668-BE54-9A1E7A4F7556}") = "PhotonRoomListGrpcService", "GrpcService\PhotonRoomListGrpcService.csproj", "{A1BE582F-977C-485F-868C-0CDCDA827A56}"
EndProject
Global
	GlobalSection(SolutionConfigurationPlatforms) = preSolution
		Debug|Any CPU = Debug|Any CPU
		MacDebug|Any CPU = MacDebug|Any CPU
		Release|Any CPU = Release|Any CPU
	EndGlobalSection
	GlobalSection(ProjectConfigurationPlatforms) = postSolution
		{A1BE582F-977C-485F-868C-0CDCDA827A56}.Debug|Any CPU.ActiveCfg = Debug|Any CPU
		{A1BE582F-977C-485F-868C-0CDCDA827A56}.Debug|Any CPU.Build.0 = Debug|Any CPU
		{A1BE582F-977C-485F-868C-0CDCDA827A56}.MacDebug|Any CPU.ActiveCfg = MacDebug|Any CPU
		{A1BE582F-977C-485F-868C-0CDCDA827A56}.MacDebug|Any CPU.Build.0 = MacDebug|Any CPU
		{A1BE582F-977C-485F-868C-0CDCDA827A56}.Release|Any CPU.ActiveCfg = Release|Any CPU
		{A1BE582F-977C-485F-868C-0CDCDA827A56}.Release|Any CPU.Build.0 = Release|Any CPU
	EndGlobalSection
	GlobalSection(SolutionProperties) = preSolution
		HideSolutionNode = FALSE
	EndGlobalSection
	GlobalSection(ExtensibilityGlobals) = postSolution
		SolutionGuid = {6BA9DE60-C5DA-4F6E-8F10-57AE24E3FECE}
	EndGlobalSection
EndGlobal
